// !$*UTF8*$!
{
	archiveVersion = 1;
	classes = {
	};
	objectVersion = 50;
	objects = {

/* Begin PBXBuildFile section */
		F731B9782842491200373813 /* BaseScreen+Extenstions.swift in Sources */ = {isa = PBXBuildFile; fileRef = F731B9772842491200373813 /* BaseScreen+Extenstions.swift */; };
		F74A770128268D46004D81CB /* AddContactAgeTextFieldTests.swift in Sources */ = {isa = PBXBuildFile; fileRef = F74A770028268D46004D81CB /* AddContactAgeTextFieldTests.swift */; };
		F74A770328269F1C004D81CB /* XCUIElement+ClearText.swift in Sources */ = {isa = PBXBuildFile; fileRef = F74A770228269F1C004D81CB /* XCUIElement+ClearText.swift */; };
		F74A77062826CC2E004D81CB /* AddContactGenderTextFieldTests.swift in Sources */ = {isa = PBXBuildFile; fileRef = F74A77052826CC2E004D81CB /* AddContactGenderTextFieldTests.swift */; };
		F7565AFA28133D3200D1D64F /* CoreDataController.swift in Sources */ = {isa = PBXBuildFile; fileRef = F7565AF928133D3200D1D64F /* CoreDataController.swift */; };
		F763FF1E27E678F100E0A2CF /* Person+CoreDataClass.swift in Sources */ = {isa = PBXBuildFile; fileRef = F763FF1C27E678F100E0A2CF /* Person+CoreDataClass.swift */; };
		F763FF1F27E678F100E0A2CF /* Person+CoreDataProperties.swift in Sources */ = {isa = PBXBuildFile; fileRef = F763FF1D27E678F100E0A2CF /* Person+CoreDataProperties.swift */; };
		F76732A72917D9B400533AA8 /* EditViewController.swift in Sources */ = {isa = PBXBuildFile; fileRef = F76732A62917D9B400533AA8 /* EditViewController.swift */; };
		F76EFDA828379AB300BF3EE7 /* AddContactValidationErrorTests.swift in Sources */ = {isa = PBXBuildFile; fileRef = F76EFDA728379AB300BF3EE7 /* AddContactValidationErrorTests.swift */; };
		F77878B028254716009EEAD2 /* AddContactNameFieldTests.swift in Sources */ = {isa = PBXBuildFile; fileRef = F77878AF28254716009EEAD2 /* AddContactNameFieldTests.swift */; };
		F780F580285E2D220076AC59 /* EditContactEditModeTests.swift in Sources */ = {isa = PBXBuildFile; fileRef = F780F57F285E2D210076AC59 /* EditContactEditModeTests.swift */; };
		F784173026EB2899001553D7 /* AppDelegate.swift in Sources */ = {isa = PBXBuildFile; fileRef = F784172F26EB2899001553D7 /* AppDelegate.swift */; };
		F784173226EB2899001553D7 /* SceneDelegate.swift in Sources */ = {isa = PBXBuildFile; fileRef = F784173126EB2899001553D7 /* SceneDelegate.swift */; };
		F784173426EB2899001553D7 /* ContactsViewController.swift in Sources */ = {isa = PBXBuildFile; fileRef = F784173326EB2899001553D7 /* ContactsViewController.swift */; };
		F784173726EB2899001553D7 /* Main.storyboard in Resources */ = {isa = PBXBuildFile; fileRef = F784173526EB2899001553D7 /* Main.storyboard */; };
		F784173A26EB2899001553D7 /* CoreDataDemo.xcdatamodeld in Sources */ = {isa = PBXBuildFile; fileRef = F784173826EB2899001553D7 /* CoreDataDemo.xcdatamodeld */; };
		F784173C26EB289C001553D7 /* Assets.xcassets in Resources */ = {isa = PBXBuildFile; fileRef = F784173B26EB289C001553D7 /* Assets.xcassets */; };
		F784173F26EB289C001553D7 /* LaunchScreen.storyboard in Resources */ = {isa = PBXBuildFile; fileRef = F784173D26EB289C001553D7 /* LaunchScreen.storyboard */; };
		F784174A26EB289C001553D7 /* CoreDataDemoTests.swift in Sources */ = {isa = PBXBuildFile; fileRef = F784174926EB289C001553D7 /* CoreDataDemoTests.swift */; };
		F7A0158528032BEB00533FE2 /* AddContactInitialStateTests.swift in Sources */ = {isa = PBXBuildFile; fileRef = F7A0158428032BEB00533FE2 /* AddContactInitialStateTests.swift */; };
		F7B0705E27E63BE500BA37E8 /* AddPersonViewController.swift in Sources */ = {isa = PBXBuildFile; fileRef = F7B0705D27E63BE500BA37E8 /* AddPersonViewController.swift */; };
		F7B07A582840132900927EB4 /* EditContactInitialStateTests.swift in Sources */ = {isa = PBXBuildFile; fileRef = F7B07A572840132900927EB4 /* EditContactInitialStateTests.swift */; };
		F7B31BD2291FC2DE00C42452 /* DetailView.swift in Sources */ = {isa = PBXBuildFile; fileRef = F7B31BD1291FC2DE00C42452 /* DetailView.swift */; };
		F7BA230C2791B552000E8ADC /* PersonCell.swift in Sources */ = {isa = PBXBuildFile; fileRef = F7BA230B2791B552000E8ADC /* PersonCell.swift */; };
		F7C0BCC227F8824F00EDA802 /* ContactListScreen.swift in Sources */ = {isa = PBXBuildFile; fileRef = F7C0BCC127F8824F00EDA802 /* ContactListScreen.swift */; };
		F7C0BCC427F8827C00EDA802 /* AddContactScreen.swift in Sources */ = {isa = PBXBuildFile; fileRef = F7C0BCC327F8827C00EDA802 /* AddContactScreen.swift */; };
		F7C0BCC627F8829B00EDA802 /* EditPersonScreen.swift in Sources */ = {isa = PBXBuildFile; fileRef = F7C0BCC527F8829B00EDA802 /* EditPersonScreen.swift */; };
		F7C0BCC827F8833300EDA802 /* BaseScreen.swift in Sources */ = {isa = PBXBuildFile; fileRef = F7C0BCC727F8833300EDA802 /* BaseScreen.swift */; };
		F7C0BCCA27F8862300EDA802 /* BaseTest.swift in Sources */ = {isa = PBXBuildFile; fileRef = F7C0BCC927F8862300EDA802 /* BaseTest.swift */; };
		F7C0BCCC27F8939D00EDA802 /* ContactListTests.swift in Sources */ = {isa = PBXBuildFile; fileRef = F7C0BCCB27F8939D00EDA802 /* ContactListTests.swift */; };
/* End PBXBuildFile section */

/* Begin PBXContainerItemProxy section */
		F784174626EB289C001553D7 /* PBXContainerItemProxy */ = {
			isa = PBXContainerItemProxy;
			containerPortal = F784172426EB2899001553D7 /* Project object */;
			proxyType = 1;
			remoteGlobalIDString = F784172B26EB2899001553D7;
			remoteInfo = CoreDataDemo;
		};
		F784175126EB289C001553D7 /* PBXContainerItemProxy */ = {
			isa = PBXContainerItemProxy;
			containerPortal = F784172426EB2899001553D7 /* Project object */;
			proxyType = 1;
			remoteGlobalIDString = F784172B26EB2899001553D7;
			remoteInfo = CoreDataDemo;
		};
/* End PBXContainerItemProxy section */

/* Begin PBXFileReference section */
		F731B9772842491200373813 /* BaseScreen+Extenstions.swift */ = {isa = PBXFileReference; lastKnownFileType = sourcecode.swift; name = "BaseScreen+Extenstions.swift"; path = "CoreDataDemoUITests/Tests/EditContactTests/BaseScreen+Extenstions.swift"; sourceTree = SOURCE_ROOT; };
		F74A770028268D46004D81CB /* AddContactAgeTextFieldTests.swift */ = {isa = PBXFileReference; lastKnownFileType = sourcecode.swift; path = AddContactAgeTextFieldTests.swift; sourceTree = "<group>"; };
		F74A770228269F1C004D81CB /* XCUIElement+ClearText.swift */ = {isa = PBXFileReference; lastKnownFileType = sourcecode.swift; name = "XCUIElement+ClearText.swift"; path = "CoreDataDemoUITests/Tests/XCUIElement+ClearText.swift"; sourceTree = SOURCE_ROOT; };
		F74A77052826CC2E004D81CB /* AddContactGenderTextFieldTests.swift */ = {isa = PBXFileReference; lastKnownFileType = sourcecode.swift; path = AddContactGenderTextFieldTests.swift; sourceTree = "<group>"; };
		F7565AF928133D3200D1D64F /* CoreDataController.swift */ = {isa = PBXFileReference; lastKnownFileType = sourcecode.swift; path = CoreDataController.swift; sourceTree = "<group>"; };
		F763FF1C27E678F100E0A2CF /* Person+CoreDataClass.swift */ = {isa = PBXFileReference; lastKnownFileType = sourcecode.swift; path = "Person+CoreDataClass.swift"; sourceTree = "<group>"; };
		F763FF1D27E678F100E0A2CF /* Person+CoreDataProperties.swift */ = {isa = PBXFileReference; lastKnownFileType = sourcecode.swift; path = "Person+CoreDataProperties.swift"; sourceTree = "<group>"; };
		F76732A62917D9B400533AA8 /* EditViewController.swift */ = {isa = PBXFileReference; lastKnownFileType = sourcecode.swift; path = EditViewController.swift; sourceTree = "<group>"; };
		F76EFDA728379AB300BF3EE7 /* AddContactValidationErrorTests.swift */ = {isa = PBXFileReference; lastKnownFileType = sourcecode.swift; path = AddContactValidationErrorTests.swift; sourceTree = "<group>"; };
		F77878AF28254716009EEAD2 /* AddContactNameFieldTests.swift */ = {isa = PBXFileReference; lastKnownFileType = sourcecode.swift; path = AddContactNameFieldTests.swift; sourceTree = "<group>"; };
		F780F57F285E2D210076AC59 /* EditContactEditModeTests.swift */ = {isa = PBXFileReference; lastKnownFileType = sourcecode.swift; path = EditContactEditModeTests.swift; sourceTree = "<group>"; };
		F784172C26EB2899001553D7 /* CoreDataDemo.app */ = {isa = PBXFileReference; explicitFileType = wrapper.application; includeInIndex = 0; path = CoreDataDemo.app; sourceTree = BUILT_PRODUCTS_DIR; };
		F784172F26EB2899001553D7 /* AppDelegate.swift */ = {isa = PBXFileReference; lastKnownFileType = sourcecode.swift; path = AppDelegate.swift; sourceTree = "<group>"; };
		F784173126EB2899001553D7 /* SceneDelegate.swift */ = {isa = PBXFileReference; lastKnownFileType = sourcecode.swift; path = SceneDelegate.swift; sourceTree = "<group>"; };
		F784173326EB2899001553D7 /* ContactsViewController.swift */ = {isa = PBXFileReference; lastKnownFileType = sourcecode.swift; path = ContactsViewController.swift; sourceTree = "<group>"; };
		F784173626EB2899001553D7 /* Base */ = {isa = PBXFileReference; lastKnownFileType = file.storyboard; name = Base; path = Base.lproj/Main.storyboard; sourceTree = "<group>"; };
		F784173926EB2899001553D7 /* CoreDataDemo.xcdatamodel */ = {isa = PBXFileReference; lastKnownFileType = wrapper.xcdatamodel; path = CoreDataDemo.xcdatamodel; sourceTree = "<group>"; };
		F784173B26EB289C001553D7 /* Assets.xcassets */ = {isa = PBXFileReference; lastKnownFileType = folder.assetcatalog; path = Assets.xcassets; sourceTree = "<group>"; };
		F784173E26EB289C001553D7 /* Base */ = {isa = PBXFileReference; lastKnownFileType = file.storyboard; name = Base; path = Base.lproj/LaunchScreen.storyboard; sourceTree = "<group>"; };
		F784174026EB289C001553D7 /* Info.plist */ = {isa = PBXFileReference; lastKnownFileType = text.plist.xml; path = Info.plist; sourceTree = "<group>"; };
		F784174526EB289C001553D7 /* CoreDataDemoTests.xctest */ = {isa = PBXFileReference; explicitFileType = wrapper.cfbundle; includeInIndex = 0; path = CoreDataDemoTests.xctest; sourceTree = BUILT_PRODUCTS_DIR; };
		F784174926EB289C001553D7 /* CoreDataDemoTests.swift */ = {isa = PBXFileReference; lastKnownFileType = sourcecode.swift; path = CoreDataDemoTests.swift; sourceTree = "<group>"; };
		F784174B26EB289C001553D7 /* Info.plist */ = {isa = PBXFileReference; lastKnownFileType = text.plist.xml; path = Info.plist; sourceTree = "<group>"; };
		F784175026EB289C001553D7 /* CoreDataDemoUITests.xctest */ = {isa = PBXFileReference; explicitFileType = wrapper.cfbundle; includeInIndex = 0; path = CoreDataDemoUITests.xctest; sourceTree = BUILT_PRODUCTS_DIR; };
		F784175626EB289C001553D7 /* Info.plist */ = {isa = PBXFileReference; lastKnownFileType = text.plist.xml; path = Info.plist; sourceTree = "<group>"; };
		F7A0158428032BEB00533FE2 /* AddContactInitialStateTests.swift */ = {isa = PBXFileReference; lastKnownFileType = sourcecode.swift; path = AddContactInitialStateTests.swift; sourceTree = "<group>"; };
		F7B0705D27E63BE500BA37E8 /* AddPersonViewController.swift */ = {isa = PBXFileReference; lastKnownFileType = sourcecode.swift; path = AddPersonViewController.swift; sourceTree = "<group>"; };
		F7B07A572840132900927EB4 /* EditContactInitialStateTests.swift */ = {isa = PBXFileReference; lastKnownFileType = sourcecode.swift; path = EditContactInitialStateTests.swift; sourceTree = "<group>"; };
		F7B31BD1291FC2DE00C42452 /* DetailView.swift */ = {isa = PBXFileReference; lastKnownFileType = sourcecode.swift; path = DetailView.swift; sourceTree = "<group>"; };
		F7BA230B2791B552000E8ADC /* PersonCell.swift */ = {isa = PBXFileReference; lastKnownFileType = sourcecode.swift; path = PersonCell.swift; sourceTree = "<group>"; };
		F7C0BCC127F8824F00EDA802 /* ContactListScreen.swift */ = {isa = PBXFileReference; lastKnownFileType = sourcecode.swift; path = ContactListScreen.swift; sourceTree = "<group>"; };
		F7C0BCC327F8827C00EDA802 /* AddContactScreen.swift */ = {isa = PBXFileReference; lastKnownFileType = sourcecode.swift; path = AddContactScreen.swift; sourceTree = "<group>"; };
		F7C0BCC527F8829B00EDA802 /* EditPersonScreen.swift */ = {isa = PBXFileReference; lastKnownFileType = sourcecode.swift; path = EditPersonScreen.swift; sourceTree = "<group>"; };
		F7C0BCC727F8833300EDA802 /* BaseScreen.swift */ = {isa = PBXFileReference; lastKnownFileType = sourcecode.swift; path = BaseScreen.swift; sourceTree = "<group>"; };
		F7C0BCC927F8862300EDA802 /* BaseTest.swift */ = {isa = PBXFileReference; lastKnownFileType = sourcecode.swift; path = BaseTest.swift; sourceTree = "<group>"; };
		F7C0BCCB27F8939D00EDA802 /* ContactListTests.swift */ = {isa = PBXFileReference; lastKnownFileType = sourcecode.swift; path = ContactListTests.swift; sourceTree = "<group>"; };
/* End PBXFileReference section */

/* Begin PBXFrameworksBuildPhase section */
		F784172926EB2899001553D7 /* Frameworks */ = {
			isa = PBXFrameworksBuildPhase;
			buildActionMask = 2147483647;
			files = (
			);
			runOnlyForDeploymentPostprocessing = 0;
		};
		F784174226EB289C001553D7 /* Frameworks */ = {
			isa = PBXFrameworksBuildPhase;
			buildActionMask = 2147483647;
			files = (
			);
			runOnlyForDeploymentPostprocessing = 0;
		};
		F784174D26EB289C001553D7 /* Frameworks */ = {
			isa = PBXFrameworksBuildPhase;
			buildActionMask = 2147483647;
			files = (
			);
			runOnlyForDeploymentPostprocessing = 0;
		};
/* End PBXFrameworksBuildPhase section */

/* Begin PBXGroup section */
		F74A77042826CAC6004D81CB /* AddContactScreenTests */ = {
			isa = PBXGroup;
			children = (
				F7A0158428032BEB00533FE2 /* AddContactInitialStateTests.swift */,
				F77878AF28254716009EEAD2 /* AddContactNameFieldTests.swift */,
				F74A770028268D46004D81CB /* AddContactAgeTextFieldTests.swift */,
				F74A77052826CC2E004D81CB /* AddContactGenderTextFieldTests.swift */,
				F76EFDA728379AB300BF3EE7 /* AddContactValidationErrorTests.swift */,
			);
			path = AddContactScreenTests;
			sourceTree = "<group>";
		};
		F784172326EB2899001553D7 = {
			isa = PBXGroup;
			children = (
				F784172E26EB2899001553D7 /* CoreDataDemo */,
				F784174826EB289C001553D7 /* CoreDataDemoTests */,
				F784175326EB289C001553D7 /* CoreDataDemoUITests */,
				F784172D26EB2899001553D7 /* Products */,
			);
			sourceTree = "<group>";
		};
		F784172D26EB2899001553D7 /* Products */ = {
			isa = PBXGroup;
			children = (
				F784172C26EB2899001553D7 /* CoreDataDemo.app */,
				F784174526EB289C001553D7 /* CoreDataDemoTests.xctest */,
				F784175026EB289C001553D7 /* CoreDataDemoUITests.xctest */,
			);
			name = Products;
			sourceTree = "<group>";
		};
		F784172E26EB2899001553D7 /* CoreDataDemo */ = {
			isa = PBXGroup;
			children = (
				F7B31BD0291FC29200C42452 /* Views */,
				F7A839782803370200562D6F /* Handlers */,
				F784176C26EB2A79001553D7 /* Model */,
				F784172F26EB2899001553D7 /* AppDelegate.swift */,
				F784173126EB2899001553D7 /* SceneDelegate.swift */,
				F7DF287827EB797900F0B9B7 /* Cells */,
				F7DF287727EB78F400F0B9B7 /* View Controllers */,
				F784173526EB2899001553D7 /* Main.storyboard */,
				F784173B26EB289C001553D7 /* Assets.xcassets */,
				F784173D26EB289C001553D7 /* LaunchScreen.storyboard */,
				F784174026EB289C001553D7 /* Info.plist */,
				F784173826EB2899001553D7 /* CoreDataDemo.xcdatamodeld */,
			);
			path = CoreDataDemo;
			sourceTree = "<group>";
		};
		F784174826EB289C001553D7 /* CoreDataDemoTests */ = {
			isa = PBXGroup;
			children = (
				F784174926EB289C001553D7 /* CoreDataDemoTests.swift */,
				F784174B26EB289C001553D7 /* Info.plist */,
			);
			path = CoreDataDemoTests;
			sourceTree = "<group>";
		};
		F784175326EB289C001553D7 /* CoreDataDemoUITests */ = {
			isa = PBXGroup;
			children = (
				F7EDEB1127F3722F00B1EB39 /* Tests */,
				F7EDEB1027F3722100B1EB39 /* Screens */,
				F7EDEB0F27F3721100B1EB39 /* TestData */,
				F7EDEB0E27F371F700B1EB39 /* Utility */,
				F7EDEB0D27F371D300B1EB39 /* Extensions */,
				F784175626EB289C001553D7 /* Info.plist */,
			);
			path = CoreDataDemoUITests;
			sourceTree = "<group>";
		};
		F784176C26EB2A79001553D7 /* Model */ = {
			isa = PBXGroup;
			children = (
				F763FF1C27E678F100E0A2CF /* Person+CoreDataClass.swift */,
				F763FF1D27E678F100E0A2CF /* Person+CoreDataProperties.swift */,
				F7565AF928133D3200D1D64F /* CoreDataController.swift */,
			);
			path = Model;
			sourceTree = "<group>";
		};
		F7A839782803370200562D6F /* Handlers */ = {
			isa = PBXGroup;
			children = (
			);
			path = Handlers;
			sourceTree = "<group>";
		};
		F7B07A56284012BF00927EB4 /* EditContactTests */ = {
			isa = PBXGroup;
			children = (
				F7B07A572840132900927EB4 /* EditContactInitialStateTests.swift */,
				F780F57F285E2D210076AC59 /* EditContactEditModeTests.swift */,
			);
			path = EditContactTests;
			sourceTree = "<group>";
		};
		F7B31BD0291FC29200C42452 /* Views */ = {
			isa = PBXGroup;
			children = (
				F7B31BD1291FC2DE00C42452 /* DetailView.swift */,
			);
			path = Views;
			sourceTree = "<group>";
		};
		F7DF287727EB78F400F0B9B7 /* View Controllers */ = {
			isa = PBXGroup;
			children = (
				F7B0705D27E63BE500BA37E8 /* AddPersonViewController.swift */,
				F784173326EB2899001553D7 /* ContactsViewController.swift */,
				F76732A62917D9B400533AA8 /* EditViewController.swift */,
			);
			path = "View Controllers";
			sourceTree = "<group>";
		};
		F7DF287827EB797900F0B9B7 /* Cells */ = {
			isa = PBXGroup;
			children = (
				F7BA230B2791B552000E8ADC /* PersonCell.swift */,
			);
			path = Cells;
			sourceTree = "<group>";
		};
		F7EDEB0D27F371D300B1EB39 /* Extensions */ = {
			isa = PBXGroup;
			children = (
				F74A770228269F1C004D81CB /* XCUIElement+ClearText.swift */,
				F731B9772842491200373813 /* BaseScreen+Extenstions.swift */,
			);
			path = Extensions;
			sourceTree = "<group>";
		};
		F7EDEB0E27F371F700B1EB39 /* Utility */ = {
			isa = PBXGroup;
			children = (
			);
			path = Utility;
			sourceTree = "<group>";
		};
		F7EDEB0F27F3721100B1EB39 /* TestData */ = {
			isa = PBXGroup;
			children = (
			);
			path = TestData;
			sourceTree = "<group>";
		};
		F7EDEB1027F3722100B1EB39 /* Screens */ = {
			isa = PBXGroup;
			children = (
				F7C0BCC727F8833300EDA802 /* BaseScreen.swift */,
				F7C0BCC127F8824F00EDA802 /* ContactListScreen.swift */,
				F7C0BCC327F8827C00EDA802 /* AddContactScreen.swift */,
				F7C0BCC527F8829B00EDA802 /* EditPersonScreen.swift */,
			);
			path = Screens;
			sourceTree = "<group>";
		};
		F7EDEB1127F3722F00B1EB39 /* Tests */ = {
			isa = PBXGroup;
			children = (
				F7B07A56284012BF00927EB4 /* EditContactTests */,
				F7C0BCC927F8862300EDA802 /* BaseTest.swift */,
				F7C0BCCB27F8939D00EDA802 /* ContactListTests.swift */,
				F74A77042826CAC6004D81CB /* AddContactScreenTests */,
			);
			path = Tests;
			sourceTree = "<group>";
		};
/* End PBXGroup section */

/* Begin PBXNativeTarget section */
		F784172B26EB2899001553D7 /* CoreDataDemo */ = {
			isa = PBXNativeTarget;
			buildConfigurationList = F784175926EB289C001553D7 /* Build configuration list for PBXNativeTarget "CoreDataDemo" */;
			buildPhases = (
				F7F26B93286ED47B0028A864 /* ShellScript */,
				F784172826EB2899001553D7 /* Sources */,
				F784172926EB2899001553D7 /* Frameworks */,
				F784172A26EB2899001553D7 /* Resources */,
			);
			buildRules = (
			);
			dependencies = (
			);
			name = CoreDataDemo;
			productName = CoreDataDemo;
			productReference = F784172C26EB2899001553D7 /* CoreDataDemo.app */;
			productType = "com.apple.product-type.application";
		};
		F784174426EB289C001553D7 /* CoreDataDemoTests */ = {
			isa = PBXNativeTarget;
			buildConfigurationList = F784175C26EB289C001553D7 /* Build configuration list for PBXNativeTarget "CoreDataDemoTests" */;
			buildPhases = (
				F784174126EB289C001553D7 /* Sources */,
				F784174226EB289C001553D7 /* Frameworks */,
				F784174326EB289C001553D7 /* Resources */,
			);
			buildRules = (
			);
			dependencies = (
				F784174726EB289C001553D7 /* PBXTargetDependency */,
			);
			name = CoreDataDemoTests;
			productName = CoreDataDemoTests;
			productReference = F784174526EB289C001553D7 /* CoreDataDemoTests.xctest */;
			productType = "com.apple.product-type.bundle.unit-test";
		};
		F784174F26EB289C001553D7 /* CoreDataDemoUITests */ = {
			isa = PBXNativeTarget;
			buildConfigurationList = F784175F26EB289C001553D7 /* Build configuration list for PBXNativeTarget "CoreDataDemoUITests" */;
			buildPhases = (
				F784174C26EB289C001553D7 /* Sources */,
				F784174D26EB289C001553D7 /* Frameworks */,
				F784174E26EB289C001553D7 /* Resources */,
			);
			buildRules = (
			);
			dependencies = (
				F784175226EB289C001553D7 /* PBXTargetDependency */,
			);
			name = CoreDataDemoUITests;
			productName = CoreDataDemoUITests;
			productReference = F784175026EB289C001553D7 /* CoreDataDemoUITests.xctest */;
			productType = "com.apple.product-type.bundle.ui-testing";
		};
/* End PBXNativeTarget section */

/* Begin PBXProject section */
		F784172426EB2899001553D7 /* Project object */ = {
			isa = PBXProject;
			attributes = {
				LastSwiftUpdateCheck = 1220;
				LastUpgradeCheck = 1220;
				ORGANIZATIONNAME = "Michal Terlicki";
				TargetAttributes = {
					F784172B26EB2899001553D7 = {
						CreatedOnToolsVersion = 12.2;
					};
					F784174426EB289C001553D7 = {
						CreatedOnToolsVersion = 12.2;
						TestTargetID = F784172B26EB2899001553D7;
					};
					F784174F26EB289C001553D7 = {
						CreatedOnToolsVersion = 12.2;
						TestTargetID = F784172B26EB2899001553D7;
					};
				};
			};
			buildConfigurationList = F784172726EB2899001553D7 /* Build configuration list for PBXProject "CoreDataDemo" */;
			compatibilityVersion = "Xcode 9.3";
			developmentRegion = en;
			hasScannedForEncodings = 0;
			knownRegions = (
				en,
				Base,
			);
			mainGroup = F784172326EB2899001553D7;
			productRefGroup = F784172D26EB2899001553D7 /* Products */;
			projectDirPath = "";
			projectRoot = "";
			targets = (
				F784172B26EB2899001553D7 /* CoreDataDemo */,
				F784174426EB289C001553D7 /* CoreDataDemoTests */,
				F784174F26EB289C001553D7 /* CoreDataDemoUITests */,
			);
		};
/* End PBXProject section */

/* Begin PBXResourcesBuildPhase section */
		F784172A26EB2899001553D7 /* Resources */ = {
			isa = PBXResourcesBuildPhase;
			buildActionMask = 2147483647;
			files = (
				F784173F26EB289C001553D7 /* LaunchScreen.storyboard in Resources */,
				F784173C26EB289C001553D7 /* Assets.xcassets in Resources */,
				F784173726EB2899001553D7 /* Main.storyboard in Resources */,
			);
			runOnlyForDeploymentPostprocessing = 0;
		};
		F784174326EB289C001553D7 /* Resources */ = {
			isa = PBXResourcesBuildPhase;
			buildActionMask = 2147483647;
			files = (
			);
			runOnlyForDeploymentPostprocessing = 0;
		};
		F784174E26EB289C001553D7 /* Resources */ = {
			isa = PBXResourcesBuildPhase;
			buildActionMask = 2147483647;
			files = (
			);
			runOnlyForDeploymentPostprocessing = 0;
		};
/* End PBXResourcesBuildPhase section */

/* Begin PBXShellScriptBuildPhase section */
		F7F26B93286ED47B0028A864 /* ShellScript */ = {
			isa = PBXShellScriptBuildPhase;
			buildActionMask = 2147483647;
			files = (
			);
			inputFileListPaths = (
			);
			inputPaths = (
			);
			outputFileListPaths = (
			);
			outputPaths = (
			);
			runOnlyForDeploymentPostprocessing = 0;
			shellPath = /bin/sh;
			shellScript = "if which swiftlint >/dev/null; then\n  swiftlint \nelse\n  echo \"warning: SwiftLint not installed, download from https://github.com/realm/SwiftLint\"\nfi\n";
		};
/* End PBXShellScriptBuildPhase section */

/* Begin PBXSourcesBuildPhase section */
		F784172826EB2899001553D7 /* Sources */ = {
			isa = PBXSourcesBuildPhase;
			buildActionMask = 2147483647;
			files = (
				F763FF1E27E678F100E0A2CF /* Person+CoreDataClass.swift in Sources */,
				F7BA230C2791B552000E8ADC /* PersonCell.swift in Sources */,
				F7B31BD2291FC2DE00C42452 /* DetailView.swift in Sources */,
				F763FF1F27E678F100E0A2CF /* Person+CoreDataProperties.swift in Sources */,
				F784173426EB2899001553D7 /* ContactsViewController.swift in Sources */,
				F7565AFA28133D3200D1D64F /* CoreDataController.swift in Sources */,
				F784173A26EB2899001553D7 /* CoreDataDemo.xcdatamodeld in Sources */,
				F784173026EB2899001553D7 /* AppDelegate.swift in Sources */,
				F784173226EB2899001553D7 /* SceneDelegate.swift in Sources */,
				F76732A72917D9B400533AA8 /* EditViewController.swift in Sources */,
				F7B0705E27E63BE500BA37E8 /* AddPersonViewController.swift in Sources */,
			);
			runOnlyForDeploymentPostprocessing = 0;
		};
		F784174126EB289C001553D7 /* Sources */ = {
			isa = PBXSourcesBuildPhase;
			buildActionMask = 2147483647;
			files = (
				F784174A26EB289C001553D7 /* CoreDataDemoTests.swift in Sources */,
			);
			runOnlyForDeploymentPostprocessing = 0;
		};
		F784174C26EB289C001553D7 /* Sources */ = {
			isa = PBXSourcesBuildPhase;
			buildActionMask = 2147483647;
			files = (
				F780F580285E2D220076AC59 /* EditContactEditModeTests.swift in Sources */,
				F76EFDA828379AB300BF3EE7 /* AddContactValidationErrorTests.swift in Sources */,
				F7C0BCCC27F8939D00EDA802 /* ContactListTests.swift in Sources */,
				F74A770328269F1C004D81CB /* XCUIElement+ClearText.swift in Sources */,
				F7C0BCC827F8833300EDA802 /* BaseScreen.swift in Sources */,
				F74A770128268D46004D81CB /* AddContactAgeTextFieldTests.swift in Sources */,
				F7C0BCC427F8827C00EDA802 /* AddContactScreen.swift in Sources */,
				F74A77062826CC2E004D81CB /* AddContactGenderTextFieldTests.swift in Sources */,
				F731B9782842491200373813 /* BaseScreen+Extenstions.swift in Sources */,
				F77878B028254716009EEAD2 /* AddContactNameFieldTests.swift in Sources */,
				F7C0BCC227F8824F00EDA802 /* ContactListScreen.swift in Sources */,
				F7A0158528032BEB00533FE2 /* AddContactInitialStateTests.swift in Sources */,
				F7B07A582840132900927EB4 /* EditContactInitialStateTests.swift in Sources */,
				F7C0BCC627F8829B00EDA802 /* EditPersonScreen.swift in Sources */,
				F7C0BCCA27F8862300EDA802 /* BaseTest.swift in Sources */,
			);
			runOnlyForDeploymentPostprocessing = 0;
		};
/* End PBXSourcesBuildPhase section */

/* Begin PBXTargetDependency section */
		F784174726EB289C001553D7 /* PBXTargetDependency */ = {
			isa = PBXTargetDependency;
			target = F784172B26EB2899001553D7 /* CoreDataDemo */;
			targetProxy = F784174626EB289C001553D7 /* PBXContainerItemProxy */;
		};
		F784175226EB289C001553D7 /* PBXTargetDependency */ = {
			isa = PBXTargetDependency;
			target = F784172B26EB2899001553D7 /* CoreDataDemo */;
			targetProxy = F784175126EB289C001553D7 /* PBXContainerItemProxy */;
		};
/* End PBXTargetDependency section */

/* Begin PBXVariantGroup section */
		F784173526EB2899001553D7 /* Main.storyboard */ = {
			isa = PBXVariantGroup;
			children = (
				F784173626EB2899001553D7 /* Base */,
			);
			name = Main.storyboard;
			sourceTree = "<group>";
		};
		F784173D26EB289C001553D7 /* LaunchScreen.storyboard */ = {
			isa = PBXVariantGroup;
			children = (
				F784173E26EB289C001553D7 /* Base */,
			);
			name = LaunchScreen.storyboard;
			sourceTree = "<group>";
		};
/* End PBXVariantGroup section */

/* Begin XCBuildConfiguration section */
		F784175726EB289C001553D7 /* Debug */ = {
			isa = XCBuildConfiguration;
			buildSettings = {
				ALWAYS_SEARCH_USER_PATHS = NO;
				CLANG_ANALYZER_NONNULL = YES;
				CLANG_ANALYZER_NUMBER_OBJECT_CONVERSION = YES_AGGRESSIVE;
				CLANG_CXX_LANGUAGE_STANDARD = "gnu++14";
				CLANG_CXX_LIBRARY = "libc++";
				CLANG_ENABLE_MODULES = YES;
				CLANG_ENABLE_OBJC_ARC = YES;
				CLANG_ENABLE_OBJC_WEAK = YES;
				CLANG_WARN_BLOCK_CAPTURE_AUTORELEASING = YES;
				CLANG_WARN_BOOL_CONVERSION = YES;
				CLANG_WARN_COMMA = YES;
				CLANG_WARN_CONSTANT_CONVERSION = YES;
				CLANG_WARN_DEPRECATED_OBJC_IMPLEMENTATIONS = YES;
				CLANG_WARN_DIRECT_OBJC_ISA_USAGE = YES_ERROR;
				CLANG_WARN_DOCUMENTATION_COMMENTS = YES;
				CLANG_WARN_EMPTY_BODY = YES;
				CLANG_WARN_ENUM_CONVERSION = YES;
				CLANG_WARN_INFINITE_RECURSION = YES;
				CLANG_WARN_INT_CONVERSION = YES;
				CLANG_WARN_NON_LITERAL_NULL_CONVERSION = YES;
				CLANG_WARN_OBJC_IMPLICIT_RETAIN_SELF = YES;
				CLANG_WARN_OBJC_LITERAL_CONVERSION = YES;
				CLANG_WARN_OBJC_ROOT_CLASS = YES_ERROR;
				CLANG_WARN_QUOTED_INCLUDE_IN_FRAMEWORK_HEADER = YES;
				CLANG_WARN_RANGE_LOOP_ANALYSIS = YES;
				CLANG_WARN_STRICT_PROTOTYPES = YES;
				CLANG_WARN_SUSPICIOUS_MOVE = YES;
				CLANG_WARN_UNGUARDED_AVAILABILITY = YES_AGGRESSIVE;
				CLANG_WARN_UNREACHABLE_CODE = YES;
				CLANG_WARN__DUPLICATE_METHOD_MATCH = YES;
				COPY_PHASE_STRIP = NO;
				DEBUG_INFORMATION_FORMAT = dwarf;
				ENABLE_STRICT_OBJC_MSGSEND = YES;
				ENABLE_TESTABILITY = YES;
				GCC_C_LANGUAGE_STANDARD = gnu11;
				GCC_DYNAMIC_NO_PIC = NO;
				GCC_NO_COMMON_BLOCKS = YES;
				GCC_OPTIMIZATION_LEVEL = 0;
				GCC_PREPROCESSOR_DEFINITIONS = (
					"DEBUG=1",
					"$(inherited)",
				);
				GCC_WARN_64_TO_32_BIT_CONVERSION = YES;
				GCC_WARN_ABOUT_RETURN_TYPE = YES_ERROR;
				GCC_WARN_UNDECLARED_SELECTOR = YES;
				GCC_WARN_UNINITIALIZED_AUTOS = YES_AGGRESSIVE;
				GCC_WARN_UNUSED_FUNCTION = YES;
				GCC_WARN_UNUSED_VARIABLE = YES;
				IPHONEOS_DEPLOYMENT_TARGET = 14.2;
				MTL_ENABLE_DEBUG_INFO = INCLUDE_SOURCE;
				MTL_FAST_MATH = YES;
				ONLY_ACTIVE_ARCH = YES;
				SDKROOT = iphoneos;
				SWIFT_ACTIVE_COMPILATION_CONDITIONS = DEBUG;
				SWIFT_OPTIMIZATION_LEVEL = "-Onone";
			};
			name = Debug;
		};
		F784175826EB289C001553D7 /* Release */ = {
			isa = XCBuildConfiguration;
			buildSettings = {
				ALWAYS_SEARCH_USER_PATHS = NO;
				CLANG_ANALYZER_NONNULL = YES;
				CLANG_ANALYZER_NUMBER_OBJECT_CONVERSION = YES_AGGRESSIVE;
				CLANG_CXX_LANGUAGE_STANDARD = "gnu++14";
				CLANG_CXX_LIBRARY = "libc++";
				CLANG_ENABLE_MODULES = YES;
				CLANG_ENABLE_OBJC_ARC = YES;
				CLANG_ENABLE_OBJC_WEAK = YES;
				CLANG_WARN_BLOCK_CAPTURE_AUTORELEASING = YES;
				CLANG_WARN_BOOL_CONVERSION = YES;
				CLANG_WARN_COMMA = YES;
				CLANG_WARN_CONSTANT_CONVERSION = YES;
				CLANG_WARN_DEPRECATED_OBJC_IMPLEMENTATIONS = YES;
				CLANG_WARN_DIRECT_OBJC_ISA_USAGE = YES_ERROR;
				CLANG_WARN_DOCUMENTATION_COMMENTS = YES;
				CLANG_WARN_EMPTY_BODY = YES;
				CLANG_WARN_ENUM_CONVERSION = YES;
				CLANG_WARN_INFINITE_RECURSION = YES;
				CLANG_WARN_INT_CONVERSION = YES;
				CLANG_WARN_NON_LITERAL_NULL_CONVERSION = YES;
				CLANG_WARN_OBJC_IMPLICIT_RETAIN_SELF = YES;
				CLANG_WARN_OBJC_LITERAL_CONVERSION = YES;
				CLANG_WARN_OBJC_ROOT_CLASS = YES_ERROR;
				CLANG_WARN_QUOTED_INCLUDE_IN_FRAMEWORK_HEADER = YES;
				CLANG_WARN_RANGE_LOOP_ANALYSIS = YES;
				CLANG_WARN_STRICT_PROTOTYPES = YES;
				CLANG_WARN_SUSPICIOUS_MOVE = YES;
				CLANG_WARN_UNGUARDED_AVAILABILITY = YES_AGGRESSIVE;
				CLANG_WARN_UNREACHABLE_CODE = YES;
				CLANG_WARN__DUPLICATE_METHOD_MATCH = YES;
				COPY_PHASE_STRIP = NO;
				DEBUG_INFORMATION_FORMAT = "dwarf-with-dsym";
				ENABLE_NS_ASSERTIONS = NO;
				ENABLE_STRICT_OBJC_MSGSEND = YES;
				GCC_C_LANGUAGE_STANDARD = gnu11;
				GCC_NO_COMMON_BLOCKS = YES;
				GCC_WARN_64_TO_32_BIT_CONVERSION = YES;
				GCC_WARN_ABOUT_RETURN_TYPE = YES_ERROR;
				GCC_WARN_UNDECLARED_SELECTOR = YES;
				GCC_WARN_UNINITIALIZED_AUTOS = YES_AGGRESSIVE;
				GCC_WARN_UNUSED_FUNCTION = YES;
				GCC_WARN_UNUSED_VARIABLE = YES;
				IPHONEOS_DEPLOYMENT_TARGET = 14.2;
				MTL_ENABLE_DEBUG_INFO = NO;
				MTL_FAST_MATH = YES;
				SDKROOT = iphoneos;
				SWIFT_COMPILATION_MODE = wholemodule;
				SWIFT_OPTIMIZATION_LEVEL = "-O";
				VALIDATE_PRODUCT = YES;
			};
			name = Release;
		};
		F784175A26EB289C001553D7 /* Debug */ = {
			isa = XCBuildConfiguration;
			buildSettings = {
				ASSETCATALOG_COMPILER_APPICON_NAME = AppIcon;
				ASSETCATALOG_COMPILER_GLOBAL_ACCENT_COLOR_NAME = AccentColor;
				CODE_SIGN_STYLE = Automatic;
				DEVELOPMENT_TEAM = 98H8Q69ZJ4;
				INFOPLIST_FILE = CoreDataDemo/Info.plist;
				LD_RUNPATH_SEARCH_PATHS = (
					"$(inherited)",
					"@executable_path/Frameworks",
				);
				PRODUCT_BUNDLE_IDENTIFIER = mterlicki.ContactsApp;
				PRODUCT_NAME = "$(TARGET_NAME)";
				SWIFT_VERSION = 5.0;
				TARGETED_DEVICE_FAMILY = "1,2";
			};
			name = Debug;
		};
		F784175B26EB289C001553D7 /* Release */ = {
			isa = XCBuildConfiguration;
			buildSettings = {
				ASSETCATALOG_COMPILER_APPICON_NAME = AppIcon;
				ASSETCATALOG_COMPILER_GLOBAL_ACCENT_COLOR_NAME = AccentColor;
				CODE_SIGN_STYLE = Automatic;
				DEVELOPMENT_TEAM = 98H8Q69ZJ4;
				INFOPLIST_FILE = CoreDataDemo/Info.plist;
				LD_RUNPATH_SEARCH_PATHS = (
					"$(inherited)",
					"@executable_path/Frameworks",
				);
				PRODUCT_BUNDLE_IDENTIFIER = mterlicki.ContactsApp;
				PRODUCT_NAME = "$(TARGET_NAME)";
				SWIFT_VERSION = 5.0;
				TARGETED_DEVICE_FAMILY = "1,2";
			};
			name = Release;
		};
		F784175D26EB289C001553D7 /* Debug */ = {
			isa = XCBuildConfiguration;
			buildSettings = {
				ALWAYS_EMBED_SWIFT_STANDARD_LIBRARIES = YES;
				BUNDLE_LOADER = "$(TEST_HOST)";
				CODE_SIGN_STYLE = Automatic;
				DEVELOPMENT_TEAM = 98H8Q69ZJ4;
				INFOPLIST_FILE = CoreDataDemoTests/Info.plist;
				IPHONEOS_DEPLOYMENT_TARGET = 14.2;
				LD_RUNPATH_SEARCH_PATHS = (
					"$(inherited)",
					"@executable_path/Frameworks",
					"@loader_path/Frameworks",
				);
				PRODUCT_BUNDLE_IDENTIFIER = mterlicki.CoreDataDemoTests;
				PRODUCT_NAME = "$(TARGET_NAME)";
				SWIFT_VERSION = 5.0;
				TARGETED_DEVICE_FAMILY = "1,2";
				TEST_HOST = "$(BUILT_PRODUCTS_DIR)/CoreDataDemo.app/CoreDataDemo";
			};
			name = Debug;
		};
		F784175E26EB289C001553D7 /* Release */ = {
			isa = XCBuildConfiguration;
			buildSettings = {
				ALWAYS_EMBED_SWIFT_STANDARD_LIBRARIES = YES;
				BUNDLE_LOADER = "$(TEST_HOST)";
				CODE_SIGN_STYLE = Automatic;
				DEVELOPMENT_TEAM = 98H8Q69ZJ4;
				INFOPLIST_FILE = CoreDataDemoTests/Info.plist;
				IPHONEOS_DEPLOYMENT_TARGET = 14.2;
				LD_RUNPATH_SEARCH_PATHS = (
					"$(inherited)",
					"@executable_path/Frameworks",
					"@loader_path/Frameworks",
				);
				PRODUCT_BUNDLE_IDENTIFIER = mterlicki.CoreDataDemoTests;
				PRODUCT_NAME = "$(TARGET_NAME)";
				SWIFT_VERSION = 5.0;
				TARGETED_DEVICE_FAMILY = "1,2";
				TEST_HOST = "$(BUILT_PRODUCTS_DIR)/CoreDataDemo.app/CoreDataDemo";
			};
			name = Release;
		};
		F784176026EB289C001553D7 /* Debug */ = {
			isa = XCBuildConfiguration;
			buildSettings = {
				ALWAYS_EMBED_SWIFT_STANDARD_LIBRARIES = YES;
				"CODE_SIGN_IDENTITY[sdk=macosx*]" = "Apple Development";
				CODE_SIGN_STYLE = Automatic;
				DEVELOPMENT_TEAM = 98H8Q69ZJ4;
				INFOPLIST_FILE = CoreDataDemoUITests/Info.plist;
				LD_RUNPATH_SEARCH_PATHS = (
					"$(inherited)",
					"@executable_path/Frameworks",
					"@loader_path/Frameworks",
				);
				PRODUCT_BUNDLE_IDENTIFIER = mterlicki.CoreDataDemoUITests;
				PRODUCT_NAME = "$(TARGET_NAME)";
				SWIFT_VERSION = 5.0;
				TARGETED_DEVICE_FAMILY = "1,2";
				TEST_TARGET_NAME = CoreDataDemo;
			};
			name = Debug;
		};
		F784176126EB289C001553D7 /* Release */ = {
			isa = XCBuildConfiguration;
			buildSettings = {
				ALWAYS_EMBED_SWIFT_STANDARD_LIBRARIES = YES;
				"CODE_SIGN_IDENTITY[sdk=macosx*]" = "Apple Development";
				CODE_SIGN_STYLE = Automatic;
				DEVELOPMENT_TEAM = 98H8Q69ZJ4;
				INFOPLIST_FILE = CoreDataDemoUITests/Info.plist;
				LD_RUNPATH_SEARCH_PATHS = (
					"$(inherited)",
					"@executable_path/Frameworks",
					"@loader_path/Frameworks",
				);
				PRODUCT_BUNDLE_IDENTIFIER = mterlicki.CoreDataDemoUITests;
				PRODUCT_NAME = "$(TARGET_NAME)";
				SWIFT_VERSION = 5.0;
				TARGETED_DEVICE_FAMILY = "1,2";
				TEST_TARGET_NAME = CoreDataDemo;
			};
			name = Release;
		};
/* End XCBuildConfiguration section */

/* Begin XCConfigurationList section */
		F784172726EB2899001553D7 /* Build configuration list for PBXProject "CoreDataDemo" */ = {
			isa = XCConfigurationList;
			buildConfigurations = (
				F784175726EB289C001553D7 /* Debug */,
				F784175826EB289C001553D7 /* Release */,
			);
			defaultConfigurationIsVisible = 0;
			defaultConfigurationName = Release;
		};
		F784175926EB289C001553D7 /* Build configuration list for PBXNativeTarget "CoreDataDemo" */ = {
			isa = XCConfigurationList;
			buildConfigurations = (
				F784175A26EB289C001553D7 /* Debug */,
				F784175B26EB289C001553D7 /* Release */,
			);
			defaultConfigurationIsVisible = 0;
			defaultConfigurationName = Release;
		};
		F784175C26EB289C001553D7 /* Build configuration list for PBXNativeTarget "CoreDataDemoTests" */ = {
			isa = XCConfigurationList;
			buildConfigurations = (
				F784175D26EB289C001553D7 /* Debug */,
				F784175E26EB289C001553D7 /* Release */,
			);
			defaultConfigurationIsVisible = 0;
			defaultConfigurationName = Release;
		};
		F784175F26EB289C001553D7 /* Build configuration list for PBXNativeTarget "CoreDataDemoUITests" */ = {
			isa = XCConfigurationList;
			buildConfigurations = (
				F784176026EB289C001553D7 /* Debug */,
				F784176126EB289C001553D7 /* Release */,
			);
			defaultConfigurationIsVisible = 0;
			defaultConfigurationName = Release;
		};
/* End XCConfigurationList section */

/* Begin XCVersionGroup section */
		F784173826EB2899001553D7 /* CoreDataDemo.xcdatamodeld */ = {
			isa = XCVersionGroup;
			children = (
				F784173926EB2899001553D7 /* CoreDataDemo.xcdatamodel */,
			);
			currentVersion = F784173926EB2899001553D7 /* CoreDataDemo.xcdatamodel */;
			path = CoreDataDemo.xcdatamodeld;
			sourceTree = "<group>";
			versionGroupType = wrapper.xcdatamodel;
		};
/* End XCVersionGroup section */
	};
	rootObject = F784172426EB2899001553D7 /* Project object */;
}
